// !$*UTF8*$!
{
	archiveVersion = 1;
	classes = {
	};
	objectVersion = 55;
	objects = {

/* Begin PBXBuildFile section */
		BD3B72FF283874F700816DC2 /* DetailViewModelTests.swift in Sources */ = {isa = PBXBuildFile; fileRef = BD3B72FE283874F700816DC2 /* DetailViewModelTests.swift */; };
		BD3B73022838BB3400816DC2 /* ContentCellTests.swift in Sources */ = {isa = PBXBuildFile; fileRef = BD3B73012838BB3400816DC2 /* ContentCellTests.swift */; };
		BD3B73042838BE7900816DC2 /* ContentCollectionViewCellTests.swift in Sources */ = {isa = PBXBuildFile; fileRef = BD3B73032838BE7900816DC2 /* ContentCollectionViewCellTests.swift */; };
		BD3B73062838C58900816DC2 /* TagViewTests.swift in Sources */ = {isa = PBXBuildFile; fileRef = BD3B73052838C58900816DC2 /* TagViewTests.swift */; };
		BD3B73082838C7F700816DC2 /* CastCellTests.swift in Sources */ = {isa = PBXBuildFile; fileRef = BD3B73072838C7F700816DC2 /* CastCellTests.swift */; };
		BD3B730A2838CAB100816DC2 /* FooterDetailTests.swift in Sources */ = {isa = PBXBuildFile; fileRef = BD3B73092838CAB100816DC2 /* FooterDetailTests.swift */; };
		BD3B730E2838D76200816DC2 /* ReviewCellTests.swift in Sources */ = {isa = PBXBuildFile; fileRef = BD3B730D2838D76200816DC2 /* ReviewCellTests.swift */; };
		BD3B73152838E7F700816DC2 /* CircularStd-Book.otf in Resources */ = {isa = PBXBuildFile; fileRef = BD3B73112838E7F700816DC2 /* CircularStd-Book.otf */; };
		BD3B73162838E7F700816DC2 /* CircularStd-Bold.otf in Resources */ = {isa = PBXBuildFile; fileRef = BD3B73122838E7F700816DC2 /* CircularStd-Bold.otf */; };
		BD3B73172838E7F700816DC2 /* CircularStd-BookItalic.otf in Resources */ = {isa = PBXBuildFile; fileRef = BD3B73132838E7F700816DC2 /* CircularStd-BookItalic.otf */; };
		BD3B73182838E7F700816DC2 /* Font.swift in Sources */ = {isa = PBXBuildFile; fileRef = BD3B73142838E7F700816DC2 /* Font.swift */; };
		BD48F09528363B9000FC4BE1 /* DetailItem.swift in Sources */ = {isa = PBXBuildFile; fileRef = BD48F09428363B9000FC4BE1 /* DetailItem.swift */; };
		BD48F097283665A700FC4BE1 /* ContentCell.swift in Sources */ = {isa = PBXBuildFile; fileRef = BD48F096283665A700FC4BE1 /* ContentCell.swift */; };
		BD823F662834A041005C209B /* AppDelegate.swift in Sources */ = {isa = PBXBuildFile; fileRef = BD823F652834A041005C209B /* AppDelegate.swift */; };
		BD823F6A2834A041005C209B /* HomeViewController.swift in Sources */ = {isa = PBXBuildFile; fileRef = BD823F692834A041005C209B /* HomeViewController.swift */; };
		BD823F6F2834A043005C209B /* Assets.xcassets in Resources */ = {isa = PBXBuildFile; fileRef = BD823F6E2834A043005C209B /* Assets.xcassets */; };
		BD823F722834A043005C209B /* LaunchScreen.storyboard in Resources */ = {isa = PBXBuildFile; fileRef = BD823F702834A043005C209B /* LaunchScreen.storyboard */; };
		BD823F932834B719005C209B /* Constant.swift in Sources */ = {isa = PBXBuildFile; fileRef = BD823F922834B719005C209B /* Constant.swift */; };
		BD823F982834B78C005C209B /* HomeRepository.swift in Sources */ = {isa = PBXBuildFile; fileRef = BD823F972834B78C005C209B /* HomeRepository.swift */; };
		BD823F9B2834B9FD005C209B /* Movie.swift in Sources */ = {isa = PBXBuildFile; fileRef = BD823F9A2834B9FD005C209B /* Movie.swift */; };
		BD823F9F2834BE3E005C209B /* HomeUseCase.swift in Sources */ = {isa = PBXBuildFile; fileRef = BD823F9E2834BE3E005C209B /* HomeUseCase.swift */; };
		BD823FA22834DAE4005C209B /* HomeViewModel.swift in Sources */ = {isa = PBXBuildFile; fileRef = BD823FA12834DAE4005C209B /* HomeViewModel.swift */; };
		BD823FA52834DB99005C209B /* Observable.swift in Sources */ = {isa = PBXBuildFile; fileRef = BD823FA42834DB99005C209B /* Observable.swift */; };
		BD823FAD2834E9F9005C209B /* DetailRepository.swift in Sources */ = {isa = PBXBuildFile; fileRef = BD823FAC2834E9F9005C209B /* DetailRepository.swift */; };
		BD823FAF2834EB88005C209B /* DetailUseCase.swift in Sources */ = {isa = PBXBuildFile; fileRef = BD823FAE2834EB88005C209B /* DetailUseCase.swift */; };
		BD823FB12834EC1A005C209B /* DetailViewModel.swift in Sources */ = {isa = PBXBuildFile; fileRef = BD823FB02834EC1A005C209B /* DetailViewModel.swift */; };
		BD823FB32834EDFD005C209B /* Reviews.swift in Sources */ = {isa = PBXBuildFile; fileRef = BD823FB22834EDFD005C209B /* Reviews.swift */; };
		BD823FB52834F0C9005C209B /* DetailViewController.swift in Sources */ = {isa = PBXBuildFile; fileRef = BD823FB42834F0C9005C209B /* DetailViewController.swift */; };
		BD823FB728350711005C209B /* TabbarController.swift in Sources */ = {isa = PBXBuildFile; fileRef = BD823FB628350711005C209B /* TabbarController.swift */; };
		BD823FB928351BFF005C209B /* CollectionTableViewCell.swift in Sources */ = {isa = PBXBuildFile; fileRef = BD823FB828351BFF005C209B /* CollectionTableViewCell.swift */; };
		BD823FBB28351C2D005C209B /* ContentCollectionViewCell.swift in Sources */ = {isa = PBXBuildFile; fileRef = BD823FBA28351C2D005C209B /* ContentCollectionViewCell.swift */; };
		BD823FBE28351E5C005C209B /* Kingfisher in Frameworks */ = {isa = PBXBuildFile; productRef = BD823FBD28351E5C005C209B /* Kingfisher */; };
		BD8A355D2837286000C4310E /* TagView.swift in Sources */ = {isa = PBXBuildFile; fileRef = BD8A355C2837286000C4310E /* TagView.swift */; };
		BD8A35602837356700C4310E /* ProfileViewController.swift in Sources */ = {isa = PBXBuildFile; fileRef = BD8A355F2837356700C4310E /* ProfileViewController.swift */; };
		BD8A35622837385300C4310E /* Credits.swift in Sources */ = {isa = PBXBuildFile; fileRef = BD8A35612837385300C4310E /* Credits.swift */; };
		BD8A3564283739E900C4310E /* CreditCell.swift in Sources */ = {isa = PBXBuildFile; fileRef = BD8A3563283739E900C4310E /* CreditCell.swift */; };
		BD8A3566283742D800C4310E /* CastCell.swift in Sources */ = {isa = PBXBuildFile; fileRef = BD8A3565283742D800C4310E /* CastCell.swift */; };
		BD8A358E2837720600C4310E /* HomeRootViewController.swift in Sources */ = {isa = PBXBuildFile; fileRef = BD8A358D2837720600C4310E /* HomeRootViewController.swift */; };
		BD8A35902837759A00C4310E /* SegmentedTab.swift in Sources */ = {isa = PBXBuildFile; fileRef = BD8A358F2837759A00C4310E /* SegmentedTab.swift */; };
		BD8A35922837885D00C4310E /* Extension+UINavigationBar.swift in Sources */ = {isa = PBXBuildFile; fileRef = BD8A35912837885D00C4310E /* Extension+UINavigationBar.swift */; };
		BD8A35942837A09200C4310E /* Reachability.swift in Sources */ = {isa = PBXBuildFile; fileRef = BD8A35932837A09200C4310E /* Reachability.swift */; };
		BD8A35962837A27800C4310E /* Extension+UIViewController.swift in Sources */ = {isa = PBXBuildFile; fileRef = BD8A35952837A27800C4310E /* Extension+UIViewController.swift */; };
		BD8A363F2837DFC300C4310E /* WSNetwork in Frameworks */ = {isa = PBXBuildFile; productRef = BD8A363E2837DFC300C4310E /* WSNetwork */; };
		BD8B36992839D16B00547F80 /* Extension+Color.swift in Sources */ = {isa = PBXBuildFile; fileRef = BD8B36982839D16B00547F80 /* Extension+Color.swift */; };
		BD8B36C22839EE6F00547F80 /* BaseCell.swift in Sources */ = {isa = PBXBuildFile; fileRef = BD8B36C12839EE6F00547F80 /* BaseCell.swift */; };
		BD8B36C42839FBA000547F80 /* TitleDetailCell.swift in Sources */ = {isa = PBXBuildFile; fileRef = BD8B36C32839FBA000547F80 /* TitleDetailCell.swift */; };
		BD8B36C7283A037C00547F80 /* VerticalInfo.swift in Sources */ = {isa = PBXBuildFile; fileRef = BD8B36C6283A037C00547F80 /* VerticalInfo.swift */; };
		BD8B36C9283A04EE00547F80 /* InfoCell.swift in Sources */ = {isa = PBXBuildFile; fileRef = BD8B36C8283A04EE00547F80 /* InfoCell.swift */; };
		BD8B36CD283A422700547F80 /* HeaderData.swift in Sources */ = {isa = PBXBuildFile; fileRef = BD8B36CC283A422700547F80 /* HeaderData.swift */; };
		BDE2F8B52835C6CA00105224 /* HeaderTable.swift in Sources */ = {isa = PBXBuildFile; fileRef = BDE2F8B42835C6CA00105224 /* HeaderTable.swift */; };
		BDE2F8B72835E75700105224 /* ReviewCell.swift in Sources */ = {isa = PBXBuildFile; fileRef = BDE2F8B62835E75700105224 /* ReviewCell.swift */; };
		BDE2F8DF28362F4C00105224 /* FooterDetail.swift in Sources */ = {isa = PBXBuildFile; fileRef = BDE2F8DE28362F4C00105224 /* FooterDetail.swift */; };
/* End PBXBuildFile section */

/* Begin PBXContainerItemProxy section */
		BD3B72F9283874AF00816DC2 /* PBXContainerItemProxy */ = {
			isa = PBXContainerItemProxy;
			containerPortal = BD823F5A2834A041005C209B /* Project object */;
			proxyType = 1;
			remoteGlobalIDString = BD823F612834A041005C209B;
			remoteInfo = TMDB;
		};
/* End PBXContainerItemProxy section */

/* Begin PBXCopyFilesBuildPhase section */
		BD8A35E62837DE9400C4310E /* Embed Frameworks */ = {
			isa = PBXCopyFilesBuildPhase;
			buildActionMask = 2147483647;
			dstPath = "";
			dstSubfolderSpec = 10;
			files = (
			);
			name = "Embed Frameworks";
			runOnlyForDeploymentPostprocessing = 0;
		};
/* End PBXCopyFilesBuildPhase section */

/* Begin PBXFileReference section */
		BD3B72F5283874AF00816DC2 /* TMDBTests.xctest */ = {isa = PBXFileReference; explicitFileType = wrapper.cfbundle; includeInIndex = 0; path = TMDBTests.xctest; sourceTree = BUILT_PRODUCTS_DIR; };
		BD3B72FE283874F700816DC2 /* DetailViewModelTests.swift */ = {isa = PBXFileReference; lastKnownFileType = sourcecode.swift; path = DetailViewModelTests.swift; sourceTree = "<group>"; };
		BD3B73012838BB3400816DC2 /* ContentCellTests.swift */ = {isa = PBXFileReference; lastKnownFileType = sourcecode.swift; path = ContentCellTests.swift; sourceTree = "<group>"; };
		BD3B73032838BE7900816DC2 /* ContentCollectionViewCellTests.swift */ = {isa = PBXFileReference; lastKnownFileType = sourcecode.swift; path = ContentCollectionViewCellTests.swift; sourceTree = "<group>"; };
		BD3B73052838C58900816DC2 /* TagViewTests.swift */ = {isa = PBXFileReference; lastKnownFileType = sourcecode.swift; path = TagViewTests.swift; sourceTree = "<group>"; };
		BD3B73072838C7F700816DC2 /* CastCellTests.swift */ = {isa = PBXFileReference; lastKnownFileType = sourcecode.swift; path = CastCellTests.swift; sourceTree = "<group>"; };
		BD3B73092838CAB100816DC2 /* FooterDetailTests.swift */ = {isa = PBXFileReference; lastKnownFileType = sourcecode.swift; path = FooterDetailTests.swift; sourceTree = "<group>"; };
		BD3B730D2838D76200816DC2 /* ReviewCellTests.swift */ = {isa = PBXFileReference; lastKnownFileType = sourcecode.swift; path = ReviewCellTests.swift; sourceTree = "<group>"; };
		BD3B73112838E7F700816DC2 /* CircularStd-Book.otf */ = {isa = PBXFileReference; lastKnownFileType = file; path = "CircularStd-Book.otf"; sourceTree = "<group>"; };
		BD3B73122838E7F700816DC2 /* CircularStd-Bold.otf */ = {isa = PBXFileReference; lastKnownFileType = file; path = "CircularStd-Bold.otf"; sourceTree = "<group>"; };
		BD3B73132838E7F700816DC2 /* CircularStd-BookItalic.otf */ = {isa = PBXFileReference; lastKnownFileType = file; path = "CircularStd-BookItalic.otf"; sourceTree = "<group>"; };
		BD3B73142838E7F700816DC2 /* Font.swift */ = {isa = PBXFileReference; fileEncoding = 4; lastKnownFileType = sourcecode.swift; path = Font.swift; sourceTree = "<group>"; };
		BD48F09428363B9000FC4BE1 /* DetailItem.swift */ = {isa = PBXFileReference; lastKnownFileType = sourcecode.swift; path = DetailItem.swift; sourceTree = "<group>"; };
		BD48F096283665A700FC4BE1 /* ContentCell.swift */ = {isa = PBXFileReference; lastKnownFileType = sourcecode.swift; path = ContentCell.swift; sourceTree = "<group>"; };
		BD823F622834A041005C209B /* TMDB.app */ = {isa = PBXFileReference; explicitFileType = wrapper.application; includeInIndex = 0; path = TMDB.app; sourceTree = BUILT_PRODUCTS_DIR; };
		BD823F652834A041005C209B /* AppDelegate.swift */ = {isa = PBXFileReference; lastKnownFileType = sourcecode.swift; path = AppDelegate.swift; sourceTree = "<group>"; };
		BD823F692834A041005C209B /* HomeViewController.swift */ = {isa = PBXFileReference; lastKnownFileType = sourcecode.swift; path = HomeViewController.swift; sourceTree = "<group>"; };
		BD823F6E2834A043005C209B /* Assets.xcassets */ = {isa = PBXFileReference; lastKnownFileType = folder.assetcatalog; path = Assets.xcassets; sourceTree = "<group>"; };
		BD823F712834A043005C209B /* Base */ = {isa = PBXFileReference; lastKnownFileType = file.storyboard; name = Base; path = Base.lproj/LaunchScreen.storyboard; sourceTree = "<group>"; };
		BD823F732834A043005C209B /* Info.plist */ = {isa = PBXFileReference; lastKnownFileType = text.plist.xml; path = Info.plist; sourceTree = "<group>"; };
		BD823F922834B719005C209B /* Constant.swift */ = {isa = PBXFileReference; lastKnownFileType = sourcecode.swift; path = Constant.swift; sourceTree = "<group>"; };
		BD823F972834B78C005C209B /* HomeRepository.swift */ = {isa = PBXFileReference; lastKnownFileType = sourcecode.swift; path = HomeRepository.swift; sourceTree = "<group>"; };
		BD823F9A2834B9FD005C209B /* Movie.swift */ = {isa = PBXFileReference; lastKnownFileType = sourcecode.swift; path = Movie.swift; sourceTree = "<group>"; };
		BD823F9E2834BE3E005C209B /* HomeUseCase.swift */ = {isa = PBXFileReference; lastKnownFileType = sourcecode.swift; path = HomeUseCase.swift; sourceTree = "<group>"; };
		BD823FA12834DAE4005C209B /* HomeViewModel.swift */ = {isa = PBXFileReference; lastKnownFileType = sourcecode.swift; path = HomeViewModel.swift; sourceTree = "<group>"; };
		BD823FA42834DB99005C209B /* Observable.swift */ = {isa = PBXFileReference; lastKnownFileType = sourcecode.swift; path = Observable.swift; sourceTree = "<group>"; };
		BD823FAC2834E9F9005C209B /* DetailRepository.swift */ = {isa = PBXFileReference; lastKnownFileType = sourcecode.swift; path = DetailRepository.swift; sourceTree = "<group>"; };
		BD823FAE2834EB88005C209B /* DetailUseCase.swift */ = {isa = PBXFileReference; lastKnownFileType = sourcecode.swift; path = DetailUseCase.swift; sourceTree = "<group>"; };
		BD823FB02834EC1A005C209B /* DetailViewModel.swift */ = {isa = PBXFileReference; lastKnownFileType = sourcecode.swift; path = DetailViewModel.swift; sourceTree = "<group>"; };
		BD823FB22834EDFD005C209B /* Reviews.swift */ = {isa = PBXFileReference; lastKnownFileType = sourcecode.swift; path = Reviews.swift; sourceTree = "<group>"; };
		BD823FB42834F0C9005C209B /* DetailViewController.swift */ = {isa = PBXFileReference; lastKnownFileType = sourcecode.swift; path = DetailViewController.swift; sourceTree = "<group>"; };
		BD823FB628350711005C209B /* TabbarController.swift */ = {isa = PBXFileReference; lastKnownFileType = sourcecode.swift; path = TabbarController.swift; sourceTree = "<group>"; };
		BD823FB828351BFF005C209B /* CollectionTableViewCell.swift */ = {isa = PBXFileReference; lastKnownFileType = sourcecode.swift; path = CollectionTableViewCell.swift; sourceTree = "<group>"; };
		BD823FBA28351C2D005C209B /* ContentCollectionViewCell.swift */ = {isa = PBXFileReference; lastKnownFileType = sourcecode.swift; path = ContentCollectionViewCell.swift; sourceTree = "<group>"; };
		BD8A355C2837286000C4310E /* TagView.swift */ = {isa = PBXFileReference; lastKnownFileType = sourcecode.swift; path = TagView.swift; sourceTree = "<group>"; };
		BD8A355F2837356700C4310E /* ProfileViewController.swift */ = {isa = PBXFileReference; lastKnownFileType = sourcecode.swift; path = ProfileViewController.swift; sourceTree = "<group>"; };
		BD8A35612837385300C4310E /* Credits.swift */ = {isa = PBXFileReference; lastKnownFileType = sourcecode.swift; path = Credits.swift; sourceTree = "<group>"; };
		BD8A3563283739E900C4310E /* CreditCell.swift */ = {isa = PBXFileReference; lastKnownFileType = sourcecode.swift; path = CreditCell.swift; sourceTree = "<group>"; };
		BD8A3565283742D800C4310E /* CastCell.swift */ = {isa = PBXFileReference; lastKnownFileType = sourcecode.swift; path = CastCell.swift; sourceTree = "<group>"; };
		BD8A358D2837720600C4310E /* HomeRootViewController.swift */ = {isa = PBXFileReference; lastKnownFileType = sourcecode.swift; path = HomeRootViewController.swift; sourceTree = "<group>"; };
		BD8A358F2837759A00C4310E /* SegmentedTab.swift */ = {isa = PBXFileReference; lastKnownFileType = sourcecode.swift; path = SegmentedTab.swift; sourceTree = "<group>"; };
		BD8A35912837885D00C4310E /* Extension+UINavigationBar.swift */ = {isa = PBXFileReference; lastKnownFileType = sourcecode.swift; path = "Extension+UINavigationBar.swift"; sourceTree = "<group>"; };
		BD8A35932837A09200C4310E /* Reachability.swift */ = {isa = PBXFileReference; lastKnownFileType = sourcecode.swift; path = Reachability.swift; sourceTree = "<group>"; };
		BD8A35952837A27800C4310E /* Extension+UIViewController.swift */ = {isa = PBXFileReference; lastKnownFileType = sourcecode.swift; path = "Extension+UIViewController.swift"; sourceTree = "<group>"; };
		BD8A363C2837DF7000C4310E /* WSNetwork */ = {isa = PBXFileReference; lastKnownFileType = wrapper; path = WSNetwork; sourceTree = "<group>"; };
		BD8B36982839D16B00547F80 /* Extension+Color.swift */ = {isa = PBXFileReference; lastKnownFileType = sourcecode.swift; path = "Extension+Color.swift"; sourceTree = "<group>"; };
		BD8B36C12839EE6F00547F80 /* BaseCell.swift */ = {isa = PBXFileReference; lastKnownFileType = sourcecode.swift; path = BaseCell.swift; sourceTree = "<group>"; };
		BD8B36C32839FBA000547F80 /* TitleDetailCell.swift */ = {isa = PBXFileReference; lastKnownFileType = sourcecode.swift; path = TitleDetailCell.swift; sourceTree = "<group>"; };
		BD8B36C6283A037C00547F80 /* VerticalInfo.swift */ = {isa = PBXFileReference; lastKnownFileType = sourcecode.swift; path = VerticalInfo.swift; sourceTree = "<group>"; };
		BD8B36C8283A04EE00547F80 /* InfoCell.swift */ = {isa = PBXFileReference; lastKnownFileType = sourcecode.swift; path = InfoCell.swift; sourceTree = "<group>"; };
		BD8B36CC283A422700547F80 /* HeaderData.swift */ = {isa = PBXFileReference; lastKnownFileType = sourcecode.swift; path = HeaderData.swift; sourceTree = "<group>"; };
		BDE2F8B42835C6CA00105224 /* HeaderTable.swift */ = {isa = PBXFileReference; lastKnownFileType = sourcecode.swift; path = HeaderTable.swift; sourceTree = "<group>"; };
		BDE2F8B62835E75700105224 /* ReviewCell.swift */ = {isa = PBXFileReference; lastKnownFileType = sourcecode.swift; path = ReviewCell.swift; sourceTree = "<group>"; };
		BDE2F8DE28362F4C00105224 /* FooterDetail.swift */ = {isa = PBXFileReference; lastKnownFileType = sourcecode.swift; path = FooterDetail.swift; sourceTree = "<group>"; };
/* End PBXFileReference section */

/* Begin PBXFrameworksBuildPhase section */
		BD3B72F2283874AF00816DC2 /* Frameworks */ = {
			isa = PBXFrameworksBuildPhase;
			buildActionMask = 2147483647;
			files = (
			);
			runOnlyForDeploymentPostprocessing = 0;
		};
		BD823F5F2834A041005C209B /* Frameworks */ = {
			isa = PBXFrameworksBuildPhase;
			buildActionMask = 2147483647;
			files = (
				BD823FBE28351E5C005C209B /* Kingfisher in Frameworks */,
				BD8A363F2837DFC300C4310E /* WSNetwork in Frameworks */,
			);
			runOnlyForDeploymentPostprocessing = 0;
		};
/* End PBXFrameworksBuildPhase section */

/* Begin PBXGroup section */
		BD3B72F6283874AF00816DC2 /* TMDBTests */ = {
			isa = PBXGroup;
			children = (
				BD3B73002838BB0800816DC2 /* Detail */,
			);
			path = TMDBTests;
			sourceTree = "<group>";
		};
		BD3B73002838BB0800816DC2 /* Detail */ = {
			isa = PBXGroup;
			children = (
				BD3B72FE283874F700816DC2 /* DetailViewModelTests.swift */,
				BD3B73012838BB3400816DC2 /* ContentCellTests.swift */,
				BD3B73032838BE7900816DC2 /* ContentCollectionViewCellTests.swift */,
				BD3B73052838C58900816DC2 /* TagViewTests.swift */,
				BD3B73072838C7F700816DC2 /* CastCellTests.swift */,
				BD3B73092838CAB100816DC2 /* FooterDetailTests.swift */,
				BD3B730D2838D76200816DC2 /* ReviewCellTests.swift */,
			);
			path = Detail;
			sourceTree = "<group>";
		};
		BD3B730F2838E7E500816DC2 /* Resources */ = {
			isa = PBXGroup;
			children = (
				BD3B73102838E7F700816DC2 /* Fonts */,
				BD823F6E2834A043005C209B /* Assets.xcassets */,
			);
			path = Resources;
			sourceTree = "<group>";
		};
		BD3B73102838E7F700816DC2 /* Fonts */ = {
			isa = PBXGroup;
			children = (
				BD3B73112838E7F700816DC2 /* CircularStd-Book.otf */,
				BD3B73122838E7F700816DC2 /* CircularStd-Bold.otf */,
				BD3B73132838E7F700816DC2 /* CircularStd-BookItalic.otf */,
				BD3B73142838E7F700816DC2 /* Font.swift */,
			);
			path = Fonts;
			sourceTree = "<group>";
		};
		BD48F0982836773E00FC4BE1 /* Cell */ = {
			isa = PBXGroup;
			children = (
				BDE2F8B62835E75700105224 /* ReviewCell.swift */,
				BD48F096283665A700FC4BE1 /* ContentCell.swift */,
				BD8A3563283739E900C4310E /* CreditCell.swift */,
				BD8A3565283742D800C4310E /* CastCell.swift */,
				BD8B36C12839EE6F00547F80 /* BaseCell.swift */,
				BD8B36C32839FBA000547F80 /* TitleDetailCell.swift */,
				BD8B36C8283A04EE00547F80 /* InfoCell.swift */,
			);
			path = Cell;
			sourceTree = "<group>";
		};
		BD823F592834A041005C209B = {
			isa = PBXGroup;
			children = (
				BD8A363B2837DF7000C4310E /* Packages */,
				BD823F642834A041005C209B /* TMDB */,
				BD3B72F6283874AF00816DC2 /* TMDBTests */,
				BD823F632834A041005C209B /* Products */,
				BD8A363D2837DFC300C4310E /* Frameworks */,
			);
			sourceTree = "<group>";
		};
		BD823F632834A041005C209B /* Products */ = {
			isa = PBXGroup;
			children = (
				BD823F622834A041005C209B /* TMDB.app */,
				BD3B72F5283874AF00816DC2 /* TMDBTests.xctest */,
			);
			name = Products;
			sourceTree = "<group>";
		};
		BD823F642834A041005C209B /* TMDB */ = {
			isa = PBXGroup;
			children = (
				BD8A355E2837355400C4310E /* User */,
				BD823FA32834DB91005C209B /* Helper */,
				BD823F912834B707005C209B /* Constant */,
				BD8A35BC2837D5D600C4310E /* Features */,
				BD823F652834A041005C209B /* AppDelegate.swift */,
				BD3B730F2838E7E500816DC2 /* Resources */,
				BD823F702834A043005C209B /* LaunchScreen.storyboard */,
				BD823F732834A043005C209B /* Info.plist */,
			);
			path = TMDB;
			sourceTree = "<group>";
		};
		BD823F902834B50C005C209B /* Home */ = {
			isa = PBXGroup;
			children = (
				BD823F962834B772005C209B /* Data */,
				BD823F952834B76B005C209B /* Usecase */,
				BD823F942834B765005C209B /* Presentation */,
			);
			path = Home;
			sourceTree = "<group>";
		};
		BD823F912834B707005C209B /* Constant */ = {
			isa = PBXGroup;
			children = (
				BD823F922834B719005C209B /* Constant.swift */,
			);
			path = Constant;
			sourceTree = "<group>";
		};
		BD823F942834B765005C209B /* Presentation */ = {
			isa = PBXGroup;
			children = (
				BD8B36CB283A40A600547F80 /* Cell */,
				BD8B36CA283A409300547F80 /* CustomViews */,
				BD823F692834A041005C209B /* HomeViewController.swift */,
				BD823FA12834DAE4005C209B /* HomeViewModel.swift */,
				BD823FB628350711005C209B /* TabbarController.swift */,
				BD8A358D2837720600C4310E /* HomeRootViewController.swift */,
			);
			path = Presentation;
			sourceTree = "<group>";
		};
		BD823F952834B76B005C209B /* Usecase */ = {
			isa = PBXGroup;
			children = (
				BD823F9E2834BE3E005C209B /* HomeUseCase.swift */,
			);
			path = Usecase;
			sourceTree = "<group>";
		};
		BD823F962834B772005C209B /* Data */ = {
			isa = PBXGroup;
			children = (
				BD823F992834B9D6005C209B /* Model */,
				BD823FA02834BE45005C209B /* Repository */,
			);
			path = Data;
			sourceTree = "<group>";
		};
		BD823F992834B9D6005C209B /* Model */ = {
			isa = PBXGroup;
			children = (
				BD823F9A2834B9FD005C209B /* Movie.swift */,
				BD8B36CC283A422700547F80 /* HeaderData.swift */,
			);
			path = Model;
			sourceTree = "<group>";
		};
		BD823FA02834BE45005C209B /* Repository */ = {
			isa = PBXGroup;
			children = (
				BD823F972834B78C005C209B /* HomeRepository.swift */,
			);
			path = Repository;
			sourceTree = "<group>";
		};
		BD823FA32834DB91005C209B /* Helper */ = {
			isa = PBXGroup;
			children = (
				BD823FA42834DB99005C209B /* Observable.swift */,
				BD8A358F2837759A00C4310E /* SegmentedTab.swift */,
				BD8A35912837885D00C4310E /* Extension+UINavigationBar.swift */,
				BD8A35932837A09200C4310E /* Reachability.swift */,
				BD8A35952837A27800C4310E /* Extension+UIViewController.swift */,
				BD8B36982839D16B00547F80 /* Extension+Color.swift */,
			);
			path = Helper;
			sourceTree = "<group>";
		};
		BD823FA62834E9A0005C209B /* Detail */ = {
			isa = PBXGroup;
			children = (
				BD823FAB2834E9DC005C209B /* Presentation */,
				BD823FAA2834E9D4005C209B /* Usecase */,
				BD823FA72834E9BC005C209B /* Data */,
			);
			path = Detail;
			sourceTree = "<group>";
		};
		BD823FA72834E9BC005C209B /* Data */ = {
			isa = PBXGroup;
			children = (
				BD823FA92834E9CD005C209B /* Repository */,
				BD823FA82834E9C8005C209B /* Model */,
			);
			path = Data;
			sourceTree = "<group>";
		};
		BD823FA82834E9C8005C209B /* Model */ = {
			isa = PBXGroup;
			children = (
				BD823FB22834EDFD005C209B /* Reviews.swift */,
				BD48F09428363B9000FC4BE1 /* DetailItem.swift */,
				BD8A35612837385300C4310E /* Credits.swift */,
			);
			path = Model;
			sourceTree = "<group>";
		};
		BD823FA92834E9CD005C209B /* Repository */ = {
			isa = PBXGroup;
			children = (
				BD823FAC2834E9F9005C209B /* DetailRepository.swift */,
			);
			path = Repository;
			sourceTree = "<group>";
		};
		BD823FAA2834E9D4005C209B /* Usecase */ = {
			isa = PBXGroup;
			children = (
				BD823FAE2834EB88005C209B /* DetailUseCase.swift */,
			);
			path = Usecase;
			sourceTree = "<group>";
		};
		BD823FAB2834E9DC005C209B /* Presentation */ = {
			isa = PBXGroup;
			children = (
				BD8B36C5283A029C00547F80 /* CustomViews */,
				BD48F0982836773E00FC4BE1 /* Cell */,
				BD823FB02834EC1A005C209B /* DetailViewModel.swift */,
				BD823FB42834F0C9005C209B /* DetailViewController.swift */,
			);
			path = Presentation;
			sourceTree = "<group>";
		};
		BD8A355E2837355400C4310E /* User */ = {
			isa = PBXGroup;
			children = (
				BD8A355F2837356700C4310E /* ProfileViewController.swift */,
			);
			path = User;
			sourceTree = "<group>";
		};
		BD8A35BC2837D5D600C4310E /* Features */ = {
			isa = PBXGroup;
			children = (
				BD823FA62834E9A0005C209B /* Detail */,
				BD823F902834B50C005C209B /* Home */,
			);
			path = Features;
			sourceTree = "<group>";
		};
		BD8A363B2837DF7000C4310E /* Packages */ = {
			isa = PBXGroup;
			children = (
				BD8A363C2837DF7000C4310E /* WSNetwork */,
			);
			name = Packages;
			sourceTree = "<group>";
		};
		BD8A363D2837DFC300C4310E /* Frameworks */ = {
			isa = PBXGroup;
			children = (
			);
			name = Frameworks;
			sourceTree = "<group>";
		};
		BD8B36C5283A029C00547F80 /* CustomViews */ = {
			isa = PBXGroup;
			children = (
				BDE2F8DE28362F4C00105224 /* FooterDetail.swift */,
				BD8A355C2837286000C4310E /* TagView.swift */,
				BD8B36C6283A037C00547F80 /* VerticalInfo.swift */,
			);
			path = CustomViews;
			sourceTree = "<group>";
		};
		BD8B36CA283A409300547F80 /* CustomViews */ = {
			isa = PBXGroup;
			children = (
				BDE2F8B42835C6CA00105224 /* HeaderTable.swift */,
			);
			path = CustomViews;
			sourceTree = "<group>";
		};
		BD8B36CB283A40A600547F80 /* Cell */ = {
			isa = PBXGroup;
			children = (
				BD823FB828351BFF005C209B /* CollectionTableViewCell.swift */,
				BD823FBA28351C2D005C209B /* ContentCollectionViewCell.swift */,
			);
			path = Cell;
			sourceTree = "<group>";
		};
/* End PBXGroup section */

/* Begin PBXNativeTarget section */
		BD3B72F4283874AF00816DC2 /* TMDBTests */ = {
			isa = PBXNativeTarget;
			buildConfigurationList = BD3B72FD283874AF00816DC2 /* Build configuration list for PBXNativeTarget "TMDBTests" */;
			buildPhases = (
				BD3B72F1283874AF00816DC2 /* Sources */,
				BD3B72F2283874AF00816DC2 /* Frameworks */,
				BD3B72F3283874AF00816DC2 /* Resources */,
			);
			buildRules = (
			);
			dependencies = (
				BD3B72FA283874AF00816DC2 /* PBXTargetDependency */,
			);
			name = TMDBTests;
			productName = TMDBTests;
			productReference = BD3B72F5283874AF00816DC2 /* TMDBTests.xctest */;
			productType = "com.apple.product-type.bundle.unit-test";
		};
		BD823F612834A041005C209B /* TMDB */ = {
			isa = PBXNativeTarget;
			buildConfigurationList = BD823F762834A043005C209B /* Build configuration list for PBXNativeTarget "TMDB" */;
			buildPhases = (
				BD823F5E2834A041005C209B /* Sources */,
				BD823F5F2834A041005C209B /* Frameworks */,
				BD823F602834A041005C209B /* Resources */,
				BD8A35E62837DE9400C4310E /* Embed Frameworks */,
			);
			buildRules = (
			);
			dependencies = (
			);
			name = TMDB;
			packageProductDependencies = (
				BD823FBD28351E5C005C209B /* Kingfisher */,
				BD8A363E2837DFC300C4310E /* WSNetwork */,
			);
			productName = TMDB;
			productReference = BD823F622834A041005C209B /* TMDB.app */;
			productType = "com.apple.product-type.application";
		};
/* End PBXNativeTarget section */

/* Begin PBXProject section */
		BD823F5A2834A041005C209B /* Project object */ = {
			isa = PBXProject;
			attributes = {
				BuildIndependentTargetsInParallel = 1;
				LastSwiftUpdateCheck = 1320;
				LastUpgradeCheck = 1320;
				TargetAttributes = {
					BD3B72F4283874AF00816DC2 = {
						CreatedOnToolsVersion = 13.2.1;
						LastSwiftMigration = 1320;
						TestTargetID = BD823F612834A041005C209B;
					};
					BD823F612834A041005C209B = {
						CreatedOnToolsVersion = 13.2.1;
					};
				};
			};
			buildConfigurationList = BD823F5D2834A041005C209B /* Build configuration list for PBXProject "TMDB" */;
			compatibilityVersion = "Xcode 13.0";
			developmentRegion = en;
			hasScannedForEncodings = 0;
			knownRegions = (
				en,
				Base,
			);
			mainGroup = BD823F592834A041005C209B;
			packageReferences = (
				BD823FBC28351E5C005C209B /* XCRemoteSwiftPackageReference "Kingfisher" */,
			);
			productRefGroup = BD823F632834A041005C209B /* Products */;
			projectDirPath = "";
			projectRoot = "";
			targets = (
				BD823F612834A041005C209B /* TMDB */,
				BD3B72F4283874AF00816DC2 /* TMDBTests */,
			);
		};
/* End PBXProject section */

/* Begin PBXResourcesBuildPhase section */
		BD3B72F3283874AF00816DC2 /* Resources */ = {
			isa = PBXResourcesBuildPhase;
			buildActionMask = 2147483647;
			files = (
			);
			runOnlyForDeploymentPostprocessing = 0;
		};
		BD823F602834A041005C209B /* Resources */ = {
			isa = PBXResourcesBuildPhase;
			buildActionMask = 2147483647;
			files = (
				BD3B73162838E7F700816DC2 /* CircularStd-Bold.otf in Resources */,
				BD3B73172838E7F700816DC2 /* CircularStd-BookItalic.otf in Resources */,
				BD823F722834A043005C209B /* LaunchScreen.storyboard in Resources */,
				BD823F6F2834A043005C209B /* Assets.xcassets in Resources */,
				BD3B73152838E7F700816DC2 /* CircularStd-Book.otf in Resources */,
			);
			runOnlyForDeploymentPostprocessing = 0;
		};
/* End PBXResourcesBuildPhase section */

/* Begin PBXSourcesBuildPhase section */
		BD3B72F1283874AF00816DC2 /* Sources */ = {
			isa = PBXSourcesBuildPhase;
			buildActionMask = 2147483647;
			files = (
				BD3B73082838C7F700816DC2 /* CastCellTests.swift in Sources */,
				BD3B730A2838CAB100816DC2 /* FooterDetailTests.swift in Sources */,
				BD3B73042838BE7900816DC2 /* ContentCollectionViewCellTests.swift in Sources */,
				BD3B72FF283874F700816DC2 /* DetailViewModelTests.swift in Sources */,
				BD3B73022838BB3400816DC2 /* ContentCellTests.swift in Sources */,
				BD3B730E2838D76200816DC2 /* ReviewCellTests.swift in Sources */,
				BD3B73062838C58900816DC2 /* TagViewTests.swift in Sources */,
			);
			runOnlyForDeploymentPostprocessing = 0;
		};
		BD823F5E2834A041005C209B /* Sources */ = {
			isa = PBXSourcesBuildPhase;
			buildActionMask = 2147483647;
			files = (
				BD8B36CD283A422700547F80 /* HeaderData.swift in Sources */,
				BD823FA52834DB99005C209B /* Observable.swift in Sources */,
				BD8B36992839D16B00547F80 /* Extension+Color.swift in Sources */,
				BD823F6A2834A041005C209B /* HomeViewController.swift in Sources */,
				BD8B36C7283A037C00547F80 /* VerticalInfo.swift in Sources */,
				BD8A358E2837720600C4310E /* HomeRootViewController.swift in Sources */,
				BD823FAD2834E9F9005C209B /* DetailRepository.swift in Sources */,
				BD823FBB28351C2D005C209B /* ContentCollectionViewCell.swift in Sources */,
				BD823F932834B719005C209B /* Constant.swift in Sources */,
				BD8B36C9283A04EE00547F80 /* InfoCell.swift in Sources */,
				BD823FB728350711005C209B /* TabbarController.swift in Sources */,
				BD8A3564283739E900C4310E /* CreditCell.swift in Sources */,
				BD823F9B2834B9FD005C209B /* Movie.swift in Sources */,
				BD8A3566283742D800C4310E /* CastCell.swift in Sources */,
				BD823FAF2834EB88005C209B /* DetailUseCase.swift in Sources */,
				BD3B73182838E7F700816DC2 /* Font.swift in Sources */,
				BD8A35622837385300C4310E /* Credits.swift in Sources */,
				BD823FB52834F0C9005C209B /* DetailViewController.swift in Sources */,
				BDE2F8B52835C6CA00105224 /* HeaderTable.swift in Sources */,
				BD823F662834A041005C209B /* AppDelegate.swift in Sources */,
				BD8B36C22839EE6F00547F80 /* BaseCell.swift in Sources */,
				BDE2F8DF28362F4C00105224 /* FooterDetail.swift in Sources */,
				BD823FA22834DAE4005C209B /* HomeViewModel.swift in Sources */,
				BD8B36C42839FBA000547F80 /* TitleDetailCell.swift in Sources */,
				BD8A355D2837286000C4310E /* TagView.swift in Sources */,
				BD8A35602837356700C4310E /* ProfileViewController.swift in Sources */,
				BD823FB32834EDFD005C209B /* Reviews.swift in Sources */,
				BD823F982834B78C005C209B /* HomeRepository.swift in Sources */,
				BD8A35922837885D00C4310E /* Extension+UINavigationBar.swift in Sources */,
				BD823F9F2834BE3E005C209B /* HomeUseCase.swift in Sources */,
				BD8A35942837A09200C4310E /* Reachability.swift in Sources */,
				BD823FB928351BFF005C209B /* CollectionTableViewCell.swift in Sources */,
				BD48F09528363B9000FC4BE1 /* DetailItem.swift in Sources */,
				BD8A35902837759A00C4310E /* SegmentedTab.swift in Sources */,
				BD8A35962837A27800C4310E /* Extension+UIViewController.swift in Sources */,
				BD48F097283665A700FC4BE1 /* ContentCell.swift in Sources */,
				BD823FB12834EC1A005C209B /* DetailViewModel.swift in Sources */,
				BDE2F8B72835E75700105224 /* ReviewCell.swift in Sources */,
			);
			runOnlyForDeploymentPostprocessing = 0;
		};
/* End PBXSourcesBuildPhase section */

/* Begin PBXTargetDependency section */
		BD3B72FA283874AF00816DC2 /* PBXTargetDependency */ = {
			isa = PBXTargetDependency;
			target = BD823F612834A041005C209B /* TMDB */;
			targetProxy = BD3B72F9283874AF00816DC2 /* PBXContainerItemProxy */;
		};
/* End PBXTargetDependency section */

/* Begin PBXVariantGroup section */
		BD823F702834A043005C209B /* LaunchScreen.storyboard */ = {
			isa = PBXVariantGroup;
			children = (
				BD823F712834A043005C209B /* Base */,
			);
			name = LaunchScreen.storyboard;
			sourceTree = "<group>";
		};
/* End PBXVariantGroup section */

/* Begin XCBuildConfiguration section */
		BD3B72FB283874AF00816DC2 /* Debug */ = {
			isa = XCBuildConfiguration;
			buildSettings = {
				BUNDLE_LOADER = "$(TEST_HOST)";
				CLANG_ENABLE_MODULES = YES;
				CODE_SIGN_STYLE = Automatic;
				CURRENT_PROJECT_VERSION = 1;
				DEVELOPMENT_TEAM = ZLGTH5V8T3;
				GENERATE_INFOPLIST_FILE = YES;
				LD_RUNPATH_SEARCH_PATHS = (
					"$(inherited)",
					"@executable_path/Frameworks",
					"@loader_path/Frameworks",
				);
				MARKETING_VERSION = 1.0;
				PRODUCT_BUNDLE_IDENTIFIER = com.wsnjy.TMDBTests;
				PRODUCT_NAME = "$(TARGET_NAME)";
				SWIFT_EMIT_LOC_STRINGS = NO;
				SWIFT_OPTIMIZATION_LEVEL = "-Onone";
				SWIFT_VERSION = 5.0;
				TARGETED_DEVICE_FAMILY = "1,2";
				TEST_HOST = "$(BUILT_PRODUCTS_DIR)/TMDB.app/TMDB";
			};
			name = Debug;
		};
		BD3B72FC283874AF00816DC2 /* Release */ = {
			isa = XCBuildConfiguration;
			buildSettings = {
				BUNDLE_LOADER = "$(TEST_HOST)";
				CLANG_ENABLE_MODULES = YES;
				CODE_SIGN_STYLE = Automatic;
				CURRENT_PROJECT_VERSION = 1;
				DEVELOPMENT_TEAM = ZLGTH5V8T3;
				GENERATE_INFOPLIST_FILE = YES;
				LD_RUNPATH_SEARCH_PATHS = (
					"$(inherited)",
					"@executable_path/Frameworks",
					"@loader_path/Frameworks",
				);
				MARKETING_VERSION = 1.0;
				PRODUCT_BUNDLE_IDENTIFIER = com.wsnjy.TMDBTests;
				PRODUCT_NAME = "$(TARGET_NAME)";
				SWIFT_EMIT_LOC_STRINGS = NO;
				SWIFT_VERSION = 5.0;
				TARGETED_DEVICE_FAMILY = "1,2";
				TEST_HOST = "$(BUILT_PRODUCTS_DIR)/TMDB.app/TMDB";
			};
			name = Release;
		};
		BD823F742834A043005C209B /* Debug */ = {
			isa = XCBuildConfiguration;
			buildSettings = {
				ALWAYS_SEARCH_USER_PATHS = NO;
				CLANG_ANALYZER_NONNULL = YES;
				CLANG_ANALYZER_NUMBER_OBJECT_CONVERSION = YES_AGGRESSIVE;
				CLANG_CXX_LANGUAGE_STANDARD = "gnu++17";
				CLANG_CXX_LIBRARY = "libc++";
				CLANG_ENABLE_MODULES = YES;
				CLANG_ENABLE_OBJC_ARC = YES;
				CLANG_ENABLE_OBJC_WEAK = YES;
				CLANG_WARN_BLOCK_CAPTURE_AUTORELEASING = YES;
				CLANG_WARN_BOOL_CONVERSION = YES;
				CLANG_WARN_COMMA = YES;
				CLANG_WARN_CONSTANT_CONVERSION = YES;
				CLANG_WARN_DEPRECATED_OBJC_IMPLEMENTATIONS = YES;
				CLANG_WARN_DIRECT_OBJC_ISA_USAGE = YES_ERROR;
				CLANG_WARN_DOCUMENTATION_COMMENTS = YES;
				CLANG_WARN_EMPTY_BODY = YES;
				CLANG_WARN_ENUM_CONVERSION = YES;
				CLANG_WARN_INFINITE_RECURSION = YES;
				CLANG_WARN_INT_CONVERSION = YES;
				CLANG_WARN_NON_LITERAL_NULL_CONVERSION = YES;
				CLANG_WARN_OBJC_IMPLICIT_RETAIN_SELF = YES;
				CLANG_WARN_OBJC_LITERAL_CONVERSION = YES;
				CLANG_WARN_OBJC_ROOT_CLASS = YES_ERROR;
				CLANG_WARN_QUOTED_INCLUDE_IN_FRAMEWORK_HEADER = YES;
				CLANG_WARN_RANGE_LOOP_ANALYSIS = YES;
				CLANG_WARN_STRICT_PROTOTYPES = YES;
				CLANG_WARN_SUSPICIOUS_MOVE = YES;
				CLANG_WARN_UNGUARDED_AVAILABILITY = YES_AGGRESSIVE;
				CLANG_WARN_UNREACHABLE_CODE = YES;
				CLANG_WARN__DUPLICATE_METHOD_MATCH = YES;
				COPY_PHASE_STRIP = NO;
				DEBUG_INFORMATION_FORMAT = dwarf;
				ENABLE_STRICT_OBJC_MSGSEND = YES;
				ENABLE_TESTABILITY = YES;
				GCC_C_LANGUAGE_STANDARD = gnu11;
				GCC_DYNAMIC_NO_PIC = NO;
				GCC_NO_COMMON_BLOCKS = YES;
				GCC_OPTIMIZATION_LEVEL = 0;
				GCC_PREPROCESSOR_DEFINITIONS = (
					"DEBUG=1",
					"$(inherited)",
				);
				GCC_WARN_64_TO_32_BIT_CONVERSION = YES;
				GCC_WARN_ABOUT_RETURN_TYPE = YES_ERROR;
				GCC_WARN_UNDECLARED_SELECTOR = YES;
				GCC_WARN_UNINITIALIZED_AUTOS = YES_AGGRESSIVE;
				GCC_WARN_UNUSED_FUNCTION = YES;
				GCC_WARN_UNUSED_VARIABLE = YES;
				IPHONEOS_DEPLOYMENT_TARGET = 15.2;
				MTL_ENABLE_DEBUG_INFO = INCLUDE_SOURCE;
				MTL_FAST_MATH = YES;
				ONLY_ACTIVE_ARCH = YES;
				SDKROOT = iphoneos;
				SWIFT_ACTIVE_COMPILATION_CONDITIONS = DEBUG;
				SWIFT_OPTIMIZATION_LEVEL = "-Onone";
			};
			name = Debug;
		};
		BD823F752834A043005C209B /* Release */ = {
			isa = XCBuildConfiguration;
			buildSettings = {
				ALWAYS_SEARCH_USER_PATHS = NO;
				CLANG_ANALYZER_NONNULL = YES;
				CLANG_ANALYZER_NUMBER_OBJECT_CONVERSION = YES_AGGRESSIVE;
				CLANG_CXX_LANGUAGE_STANDARD = "gnu++17";
				CLANG_CXX_LIBRARY = "libc++";
				CLANG_ENABLE_MODULES = YES;
				CLANG_ENABLE_OBJC_ARC = YES;
				CLANG_ENABLE_OBJC_WEAK = YES;
				CLANG_WARN_BLOCK_CAPTURE_AUTORELEASING = YES;
				CLANG_WARN_BOOL_CONVERSION = YES;
				CLANG_WARN_COMMA = YES;
				CLANG_WARN_CONSTANT_CONVERSION = YES;
				CLANG_WARN_DEPRECATED_OBJC_IMPLEMENTATIONS = YES;
				CLANG_WARN_DIRECT_OBJC_ISA_USAGE = YES_ERROR;
				CLANG_WARN_DOCUMENTATION_COMMENTS = YES;
				CLANG_WARN_EMPTY_BODY = YES;
				CLANG_WARN_ENUM_CONVERSION = YES;
				CLANG_WARN_INFINITE_RECURSION = YES;
				CLANG_WARN_INT_CONVERSION = YES;
				CLANG_WARN_NON_LITERAL_NULL_CONVERSION = YES;
				CLANG_WARN_OBJC_IMPLICIT_RETAIN_SELF = YES;
				CLANG_WARN_OBJC_LITERAL_CONVERSION = YES;
				CLANG_WARN_OBJC_ROOT_CLASS = YES_ERROR;
				CLANG_WARN_QUOTED_INCLUDE_IN_FRAMEWORK_HEADER = YES;
				CLANG_WARN_RANGE_LOOP_ANALYSIS = YES;
				CLANG_WARN_STRICT_PROTOTYPES = YES;
				CLANG_WARN_SUSPICIOUS_MOVE = YES;
				CLANG_WARN_UNGUARDED_AVAILABILITY = YES_AGGRESSIVE;
				CLANG_WARN_UNREACHABLE_CODE = YES;
				CLANG_WARN__DUPLICATE_METHOD_MATCH = YES;
				COPY_PHASE_STRIP = NO;
				DEBUG_INFORMATION_FORMAT = "dwarf-with-dsym";
				ENABLE_NS_ASSERTIONS = NO;
				ENABLE_STRICT_OBJC_MSGSEND = YES;
				GCC_C_LANGUAGE_STANDARD = gnu11;
				GCC_NO_COMMON_BLOCKS = YES;
				GCC_WARN_64_TO_32_BIT_CONVERSION = YES;
				GCC_WARN_ABOUT_RETURN_TYPE = YES_ERROR;
				GCC_WARN_UNDECLARED_SELECTOR = YES;
				GCC_WARN_UNINITIALIZED_AUTOS = YES_AGGRESSIVE;
				GCC_WARN_UNUSED_FUNCTION = YES;
				GCC_WARN_UNUSED_VARIABLE = YES;
				IPHONEOS_DEPLOYMENT_TARGET = 15.2;
				MTL_ENABLE_DEBUG_INFO = NO;
				MTL_FAST_MATH = YES;
				SDKROOT = iphoneos;
				SWIFT_COMPILATION_MODE = wholemodule;
				SWIFT_OPTIMIZATION_LEVEL = "-O";
				VALIDATE_PRODUCT = YES;
			};
			name = Release;
		};
		BD823F772834A043005C209B /* Debug */ = {
			isa = XCBuildConfiguration;
			buildSettings = {
				ASSETCATALOG_COMPILER_APPICON_NAME = AppIcon;
				ASSETCATALOG_COMPILER_GLOBAL_ACCENT_COLOR_NAME = AccentColor;
				CODE_SIGN_STYLE = Automatic;
				CURRENT_PROJECT_VERSION = 1;
				DEVELOPMENT_TEAM = ZLGTH5V8T3;
				GENERATE_INFOPLIST_FILE = YES;
				INFOPLIST_FILE = TMDB/Info.plist;
				INFOPLIST_KEY_UIApplicationSupportsIndirectInputEvents = YES;
				INFOPLIST_KEY_UILaunchStoryboardName = LaunchScreen;
				INFOPLIST_KEY_UISupportedInterfaceOrientations_iPad = "UIInterfaceOrientationPortrait UIInterfaceOrientationPortraitUpsideDown UIInterfaceOrientationLandscapeLeft UIInterfaceOrientationLandscapeRight";
				INFOPLIST_KEY_UISupportedInterfaceOrientations_iPhone = "UIInterfaceOrientationPortrait UIInterfaceOrientationLandscapeLeft UIInterfaceOrientationLandscapeRight";
				LD_RUNPATH_SEARCH_PATHS = (
					"$(inherited)",
					"@executable_path/Frameworks",
				);
				MARKETING_VERSION = 1.0;
				PRODUCT_BUNDLE_IDENTIFIER = com.wsnjy.TMDB;
				PRODUCT_NAME = "$(TARGET_NAME)";
				SWIFT_EMIT_LOC_STRINGS = YES;
				SWIFT_VERSION = 5.0;
				TARGETED_DEVICE_FAMILY = 1;
			};
			name = Debug;
		};
		BD823F782834A043005C209B /* Release */ = {
			isa = XCBuildConfiguration;
			buildSettings = {
				ASSETCATALOG_COMPILER_APPICON_NAME = AppIcon;
				ASSETCATALOG_COMPILER_GLOBAL_ACCENT_COLOR_NAME = AccentColor;
				CODE_SIGN_STYLE = Automatic;
				CURRENT_PROJECT_VERSION = 1;
				DEVELOPMENT_TEAM = ZLGTH5V8T3;
				GENERATE_INFOPLIST_FILE = YES;
				INFOPLIST_FILE = TMDB/Info.plist;
				INFOPLIST_KEY_UIApplicationSupportsIndirectInputEvents = YES;
				INFOPLIST_KEY_UILaunchStoryboardName = LaunchScreen;
				INFOPLIST_KEY_UISupportedInterfaceOrientations_iPad = "UIInterfaceOrientationPortrait UIInterfaceOrientationPortraitUpsideDown UIInterfaceOrientationLandscapeLeft UIInterfaceOrientationLandscapeRight";
				INFOPLIST_KEY_UISupportedInterfaceOrientations_iPhone = "UIInterfaceOrientationPortrait UIInterfaceOrientationLandscapeLeft UIInterfaceOrientationLandscapeRight";
				LD_RUNPATH_SEARCH_PATHS = (
					"$(inherited)",
					"@executable_path/Frameworks",
				);
				MARKETING_VERSION = 1.0;
				PRODUCT_BUNDLE_IDENTIFIER = com.wsnjy.TMDB;
				PRODUCT_NAME = "$(TARGET_NAME)";
				SWIFT_EMIT_LOC_STRINGS = YES;
				SWIFT_VERSION = 5.0;
				TARGETED_DEVICE_FAMILY = 1;
			};
			name = Release;
		};
/* End XCBuildConfiguration section */

/* Begin XCConfigurationList section */
		BD3B72FD283874AF00816DC2 /* Build configuration list for PBXNativeTarget "TMDBTests" */ = {
			isa = XCConfigurationList;
			buildConfigurations = (
				BD3B72FB283874AF00816DC2 /* Debug */,
				BD3B72FC283874AF00816DC2 /* Release */,
			);
			defaultConfigurationIsVisible = 0;
			defaultConfigurationName = Release;
		};
		BD823F5D2834A041005C209B /* Build configuration list for PBXProject "TMDB" */ = {
			isa = XCConfigurationList;
			buildConfigurations = (
				BD823F742834A043005C209B /* Debug */,
				BD823F752834A043005C209B /* Release */,
			);
			defaultConfigurationIsVisible = 0;
			defaultConfigurationName = Release;
		};
		BD823F762834A043005C209B /* Build configuration list for PBXNativeTarget "TMDB" */ = {
			isa = XCConfigurationList;
			buildConfigurations = (
				BD823F772834A043005C209B /* Debug */,
				BD823F782834A043005C209B /* Release */,
			);
			defaultConfigurationIsVisible = 0;
			defaultConfigurationName = Release;
		};
/* End XCConfigurationList section */

/* Begin XCRemoteSwiftPackageReference section */
		BD823FBC28351E5C005C209B /* XCRemoteSwiftPackageReference "Kingfisher" */ = {
			isa = XCRemoteSwiftPackageReference;
			repositoryURL = "https://github.com/onevcat/Kingfisher.git";
			requirement = {
				kind = upToNextMajorVersion;
				minimumVersion = 7.0.0;
			};
		};
/* End XCRemoteSwiftPackageReference section */

/* Begin XCSwiftPackageProductDependency section */
		BD823FBD28351E5C005C209B /* Kingfisher */ = {
			isa = XCSwiftPackageProductDependency;
			package = BD823FBC28351E5C005C209B /* XCRemoteSwiftPackageReference "Kingfisher" */;
			productName = Kingfisher;
		};
		BD8A363E2837DFC300C4310E /* WSNetwork */ = {
			isa = XCSwiftPackageProductDependency;
			productName = WSNetwork;
		};
/* End XCSwiftPackageProductDependency section */
	};
	rootObject = BD823F5A2834A041005C209B /* Project object */;
}
